
Microsoft Visual Studio Solution File, Format Version 12.00
# Visual Studio Version 16
VisualStudioVersion = 16.0.31729.503
MinimumVisualStudioVersion = 10.0.40219.1
Project("{888888A0-9F3D-457C-B088-3A5042F75D52}") = "Zad2", "Zad2\Zad2.pyproj", "{D5D52F66-D054-49E6-9E20-5F0EF588CEFF}"
EndProject
Global
	GlobalSection(SolutionConfigurationPlatforms) = preSolution
		Debug|Any CPU = Debug|Any CPU
		Release|Any CPU = Release|Any CPU
	EndGlobalSection
	GlobalSection(ProjectConfigurationPlatforms) = postSolution
		{D5D52F66-D054-49E6-9E20-5F0EF588CEFF}.Debug|Any CPU.ActiveCfg = Debug|Any CPU
		{D5D52F66-D054-49E6-9E20-5F0EF588CEFF}.Release|Any CPU.ActiveCfg = Release|Any CPU
	EndGlobalSection
	GlobalSection(SolutionProperties) = preSolution
		HideSolutionNode = FALSE
	EndGlobalSection
	GlobalSection(ExtensibilityGlobals) = postSolution
		SolutionGuid = {D07D8C46-E903-4ADE-BE7E-55D6E300BF25}
	EndGlobalSection
EndGlobal
