
Microsoft Visual Studio Solution File, Format Version 12.00
# Visual Studio Version 16
VisualStudioVersion = 16.0.31729.503
MinimumVisualStudioVersion = 10.0.40219.1
Project("{888888A0-9F3D-457C-B088-3A5042F75D52}") = "Zad1", "Zad1.pyproj", "{F4814B2C-AAED-4063-9C32-BB03BBFE63DA}"
EndProject
Global
	GlobalSection(SolutionConfigurationPlatforms) = preSolution
		Debug|Any CPU = Debug|Any CPU
		Release|Any CPU = Release|Any CPU
	EndGlobalSection
	GlobalSection(ProjectConfigurationPlatforms) = postSolution
		{F4814B2C-AAED-4063-9C32-BB03BBFE63DA}.Debug|Any CPU.ActiveCfg = Debug|Any CPU
		{F4814B2C-AAED-4063-9C32-BB03BBFE63DA}.Release|Any CPU.ActiveCfg = Release|Any CPU
	EndGlobalSection
	GlobalSection(SolutionProperties) = preSolution
		HideSolutionNode = FALSE
	EndGlobalSection
	GlobalSection(ExtensibilityGlobals) = postSolution
		SolutionGuid = {34C81466-47E7-4321-A1E1-9B369C4B8EFD}
	EndGlobalSection
EndGlobal
