
Microsoft Visual Studio Solution File, Format Version 12.00
# Visual Studio Version 16
VisualStudioVersion = 16.0.31729.503
MinimumVisualStudioVersion = 10.0.40219.1
Project("{888888A0-9F3D-457C-B088-3A5042F75D52}") = "Zad6", "Zad6.pyproj", "{3B9B5D53-C9F9-47E1-BA75-F8E1076295CF}"
EndProject
Global
	GlobalSection(SolutionConfigurationPlatforms) = preSolution
		Debug|Any CPU = Debug|Any CPU
		Release|Any CPU = Release|Any CPU
	EndGlobalSection
	GlobalSection(ProjectConfigurationPlatforms) = postSolution
		{3B9B5D53-C9F9-47E1-BA75-F8E1076295CF}.Debug|Any CPU.ActiveCfg = Debug|Any CPU
		{3B9B5D53-C9F9-47E1-BA75-F8E1076295CF}.Release|Any CPU.ActiveCfg = Release|Any CPU
	EndGlobalSection
	GlobalSection(SolutionProperties) = preSolution
		HideSolutionNode = FALSE
	EndGlobalSection
	GlobalSection(ExtensibilityGlobals) = postSolution
		SolutionGuid = {B2F5C688-0A8C-4AAA-AD55-99FDDF526F42}
	EndGlobalSection
EndGlobal
