
Microsoft Visual Studio Solution File, Format Version 12.00
# Visual Studio Version 16
VisualStudioVersion = 16.0.31729.503
MinimumVisualStudioVersion = 10.0.40219.1
Project("{888888A0-9F3D-457C-B088-3A5042F75D52}") = "Zad5", "Zad5\Zad5.pyproj", "{2FC56601-5D1F-442F-AE13-F6B459846A30}"
EndProject
Global
	GlobalSection(SolutionConfigurationPlatforms) = preSolution
		Debug|Any CPU = Debug|Any CPU
		Release|Any CPU = Release|Any CPU
	EndGlobalSection
	GlobalSection(ProjectConfigurationPlatforms) = postSolution
		{2FC56601-5D1F-442F-AE13-F6B459846A30}.Debug|Any CPU.ActiveCfg = Debug|Any CPU
		{2FC56601-5D1F-442F-AE13-F6B459846A30}.Release|Any CPU.ActiveCfg = Release|Any CPU
	EndGlobalSection
	GlobalSection(SolutionProperties) = preSolution
		HideSolutionNode = FALSE
	EndGlobalSection
	GlobalSection(ExtensibilityGlobals) = postSolution
		SolutionGuid = {539749D2-69A2-43BE-AF03-754D05E2060A}
	EndGlobalSection
EndGlobal
