
Microsoft Visual Studio Solution File, Format Version 12.00
# Visual Studio Version 16
VisualStudioVersion = 16.0.31729.503
MinimumVisualStudioVersion = 10.0.40219.1
Project("{888888A0-9F3D-457C-B088-3A5042F75D52}") = "Zad2", "Zad2.pyproj", "{494D1904-1784-4775-9EE3-2158FCA9E069}"
EndProject
Global
	GlobalSection(SolutionConfigurationPlatforms) = preSolution
		Debug|Any CPU = Debug|Any CPU
		Release|Any CPU = Release|Any CPU
	EndGlobalSection
	GlobalSection(ProjectConfigurationPlatforms) = postSolution
		{494D1904-1784-4775-9EE3-2158FCA9E069}.Debug|Any CPU.ActiveCfg = Debug|Any CPU
		{494D1904-1784-4775-9EE3-2158FCA9E069}.Release|Any CPU.ActiveCfg = Release|Any CPU
	EndGlobalSection
	GlobalSection(SolutionProperties) = preSolution
		HideSolutionNode = FALSE
	EndGlobalSection
	GlobalSection(ExtensibilityGlobals) = postSolution
		SolutionGuid = {BE7210D0-8AA1-4646-B138-CDBA90B8C363}
	EndGlobalSection
EndGlobal
