
Microsoft Visual Studio Solution File, Format Version 12.00
# Visual Studio Version 16
VisualStudioVersion = 16.0.31729.503
MinimumVisualStudioVersion = 10.0.40219.1
Project("{888888A0-9F3D-457C-B088-3A5042F75D52}") = "Zad9", "Zad9.pyproj", "{1F20B7DB-3876-468C-A533-632C9F18FE85}"
EndProject
Global
	GlobalSection(SolutionConfigurationPlatforms) = preSolution
		Debug|Any CPU = Debug|Any CPU
		Release|Any CPU = Release|Any CPU
	EndGlobalSection
	GlobalSection(ProjectConfigurationPlatforms) = postSolution
		{1F20B7DB-3876-468C-A533-632C9F18FE85}.Debug|Any CPU.ActiveCfg = Debug|Any CPU
		{1F20B7DB-3876-468C-A533-632C9F18FE85}.Release|Any CPU.ActiveCfg = Release|Any CPU
	EndGlobalSection
	GlobalSection(SolutionProperties) = preSolution
		HideSolutionNode = FALSE
	EndGlobalSection
	GlobalSection(ExtensibilityGlobals) = postSolution
		SolutionGuid = {A9579780-3BD0-4087-9315-360CE0C3361A}
	EndGlobalSection
EndGlobal
